
Microsoft Visual Studio Solution File, Format Version 12.00
# Visual Studio Version 16
VisualStudioVersion = 16.0.30907.101
MinimumVisualStudioVersion = 10.0.40219.1
Project("{9A19103F-16F7-4668-BE54-9A1E7A4F7556}") = "Template", "Template\Template.csproj", "{00D2A742-B4AA-4575-A8D4-2E7EB0225918}"
EndProject
Project("{2150E333-8FDC-42A3-9474-1A3956D46DE8}") = "1-web", "1-web", "{325025E6-04C1-465E-973B-13B61AEA9880}"
EndProject
Project("{2150E333-8FDC-42A3-9474-1A3956D46DE8}") = "2-Application", "2-Application", "{860E9DBD-9513-47DB-BA38-C109381842F3}"
EndProject
Project("{2150E333-8FDC-42A3-9474-1A3956D46DE8}") = "3-Domain", "3-Domain", "{66350B90-6A3B-4CD1-9C1D-136C7C46F7C2}"
EndProject
Project("{2150E333-8FDC-42A3-9474-1A3956D46DE8}") = "4-Infra", "4-Infra", "{55A0ED75-14B1-463A-992A-26CADAB02B3B}"
EndProject
Project("{FAE04EC0-301F-11D3-BF4B-00C04F79EFBC}") = "TemplateApplication", "TemplateApplication\TemplateApplication.csproj", "{318AF84A-BEEF-4E51-83E4-18E1DEF5326B}"
EndProject
Project("{FAE04EC0-301F-11D3-BF4B-00C04F79EFBC}") = "TemplateDomain", "TemplateDomain\TemplateDomain.csproj", "{05A5E856-5268-4C9D-8828-8D99B9E6E11A}"
EndProject
Project("{2150E333-8FDC-42A3-9474-1A3956D46DE8}") = "4.1 Data", "4.1 Data", "{F4F2E293-174E-4397-A268-AC11CAA0F6B9}"
EndProject
Project("{2150E333-8FDC-42A3-9474-1A3956D46DE8}") = "4.2 CrossCuting", "4.2 CrossCuting", "{BE9FA2B9-51F2-4C21-9F5F-699CE1FB8255}"
EndProject
Project("{FAE04EC0-301F-11D3-BF4B-00C04F79EFBC}") = "TemplateData", "TemplateData\TemplateData.csproj", "{50DA4B67-FC2A-4620-84E4-A1BC81BF852B}"
EndProject
Global
	GlobalSection(SolutionConfigurationPlatforms) = preSolution
		Debug|Any CPU = Debug|Any CPU
		Release|Any CPU = Release|Any CPU
	EndGlobalSection
	GlobalSection(ProjectConfigurationPlatforms) = postSolution
		{00D2A742-B4AA-4575-A8D4-2E7EB0225918}.Debug|Any CPU.ActiveCfg = Debug|Any CPU
		{00D2A742-B4AA-4575-A8D4-2E7EB0225918}.Debug|Any CPU.Build.0 = Debug|Any CPU
		{00D2A742-B4AA-4575-A8D4-2E7EB0225918}.Release|Any CPU.ActiveCfg = Release|Any CPU
		{00D2A742-B4AA-4575-A8D4-2E7EB0225918}.Release|Any CPU.Build.0 = Release|Any CPU
		{318AF84A-BEEF-4E51-83E4-18E1DEF5326B}.Debug|Any CPU.ActiveCfg = Debug|Any CPU
		{318AF84A-BEEF-4E51-83E4-18E1DEF5326B}.Debug|Any CPU.Build.0 = Debug|Any CPU
		{318AF84A-BEEF-4E51-83E4-18E1DEF5326B}.Release|Any CPU.ActiveCfg = Release|Any CPU
		{318AF84A-BEEF-4E51-83E4-18E1DEF5326B}.Release|Any CPU.Build.0 = Release|Any CPU
		{05A5E856-5268-4C9D-8828-8D99B9E6E11A}.Debug|Any CPU.ActiveCfg = Debug|Any CPU
		{05A5E856-5268-4C9D-8828-8D99B9E6E11A}.Debug|Any CPU.Build.0 = Debug|Any CPU
		{05A5E856-5268-4C9D-8828-8D99B9E6E11A}.Release|Any CPU.ActiveCfg = Release|Any CPU
		{05A5E856-5268-4C9D-8828-8D99B9E6E11A}.Release|Any CPU.Build.0 = Release|Any CPU
		{50DA4B67-FC2A-4620-84E4-A1BC81BF852B}.Debug|Any CPU.ActiveCfg = Debug|Any CPU
		{50DA4B67-FC2A-4620-84E4-A1BC81BF852B}.Debug|Any CPU.Build.0 = Debug|Any CPU
		{50DA4B67-FC2A-4620-84E4-A1BC81BF852B}.Release|Any CPU.ActiveCfg = Release|Any CPU
		{50DA4B67-FC2A-4620-84E4-A1BC81BF852B}.Release|Any CPU.Build.0 = Release|Any CPU
	EndGlobalSection
	GlobalSection(SolutionProperties) = preSolution
		HideSolutionNode = FALSE
	EndGlobalSection
	GlobalSection(NestedProjects) = preSolution
		{00D2A742-B4AA-4575-A8D4-2E7EB0225918} = {325025E6-04C1-465E-973B-13B61AEA9880}
		{318AF84A-BEEF-4E51-83E4-18E1DEF5326B} = {860E9DBD-9513-47DB-BA38-C109381842F3}
		{05A5E856-5268-4C9D-8828-8D99B9E6E11A} = {66350B90-6A3B-4CD1-9C1D-136C7C46F7C2}
		{F4F2E293-174E-4397-A268-AC11CAA0F6B9} = {55A0ED75-14B1-463A-992A-26CADAB02B3B}
		{BE9FA2B9-51F2-4C21-9F5F-699CE1FB8255} = {55A0ED75-14B1-463A-992A-26CADAB02B3B}
		{50DA4B67-FC2A-4620-84E4-A1BC81BF852B} = {F4F2E293-174E-4397-A268-AC11CAA0F6B9}
	EndGlobalSection
	GlobalSection(ExtensibilityGlobals) = postSolution
		SolutionGuid = {09551108-EADD-4642-A2A7-EAAECFB34B79}
	EndGlobalSection
EndGlobal
